// !$*UTF8*$!
{
	archiveVersion = 1;
	classes = {
	};
	objectVersion = 77;
	objects = {

/* Begin PBXFileReference section */
		4783E8D92E3E3C29008EEB23 /* Kaden & Adelynn Adventures.app */ = {isa = PBXFileReference; explicitFileType = wrapper.application; includeInIndex = 0; path = "Kaden & Adelynn Adventures.app"; sourceTree = BUILT_PRODUCTS_DIR; };
		4783E8EA2E3E3C2A008EEB23 /* Kaden & Adelynn Adventures.app */ = {isa = PBXFileReference; explicitFileType = wrapper.application; includeInIndex = 0; path = "Kaden & Adelynn Adventures.app"; sourceTree = BUILT_PRODUCTS_DIR; };
		4783E8FA2E3E3C2A008EEB23 /* Kaden & Adelynn Adventures.app */ = {isa = PBXFileReference; explicitFileType = wrapper.application; includeInIndex = 0; path = "Kaden & Adelynn Adventures.app"; sourceTree = BUILT_PRODUCTS_DIR; };
/* End PBXFileReference section */

/* Begin PBXFileSystemSynchronizedBuildFileExceptionSet section */
		4783E9102E3E3C2A008EEB23 /* Exceptions for "Kaden & Adelynn Adventures Shared" folder in "Kaden & Adelynn Adventures iOS" target */ = {
			isa = PBXFileSystemSynchronizedBuildFileExceptionSet;
			membershipExceptions = (
				Actions.sks,
				Assets.xcassets,
				GameScene.sks,
				GameScene.swift,
			);
			target = 4783E8D82E3E3C29008EEB23 /* Kaden & Adelynn Adventures iOS */;
		};
		4783E9142E3E3C2A008EEB23 /* Exceptions for "Kaden & Adelynn Adventures Shared" folder in "Kaden & Adelynn Adventures tvOS" target */ = {
			isa = PBXFileSystemSynchronizedBuildFileExceptionSet;
			membershipExceptions = (
				Actions.sks,
				Assets.xcassets,
				GameScene.sks,
				GameScene.swift,
			);
			target = 4783E8E92E3E3C2A008EEB23 /* Kaden & Adelynn Adventures tvOS */;
		};
		4783E9182E3E3C2A008EEB23 /* Exceptions for "Kaden & Adelynn Adventures Shared" folder in "Kaden & Adelynn Adventures macOS" target */ = {
			isa = PBXFileSystemSynchronizedBuildFileExceptionSet;
			membershipExceptions = (
				Actions.sks,
				Assets.xcassets,
				GameScene.sks,
				GameScene.swift,
			);
			target = 4783E8F92E3E3C2A008EEB23 /* Kaden & Adelynn Adventures macOS */;
		};
/* End PBXFileSystemSynchronizedBuildFileExceptionSet section */

/* Begin PBXFileSystemSynchronizedRootGroup section */
		4783E8D02E3E3C15008EEB23 /* Kaden & Adelynn Adventures Shared */ = {
			isa = PBXFileSystemSynchronizedRootGroup;
			exceptions = (
				4783E9102E3E3C2A008EEB23 /* Exceptions for "Kaden & Adelynn Adventures Shared" folder in "Kaden & Adelynn Adventures iOS" target */,
				4783E9142E3E3C2A008EEB23 /* Exceptions for "Kaden & Adelynn Adventures Shared" folder in "Kaden & Adelynn Adventures tvOS" target */,
				4783E9182E3E3C2A008EEB23 /* Exceptions for "Kaden & Adelynn Adventures Shared" folder in "Kaden & Adelynn Adventures macOS" target */,
			);
			path = "Kaden & Adelynn Adventures Shared";
			sourceTree = "<group>";
		};
		4783E8DB2E3E3C29008EEB23 /* Kaden & Adelynn Adventures iOS */ = {
			isa = PBXFileSystemSynchronizedRootGroup;
			path = "Kaden & Adelynn Adventures iOS";
			sourceTree = "<group>";
		};
		4783E8EB2E3E3C2A008EEB23 /* Kaden & Adelynn Adventures tvOS */ = {
			isa = PBXFileSystemSynchronizedRootGroup;
			path = "Kaden & Adelynn Adventures tvOS";
			sourceTree = "<group>";
		};
		4783E8FB2E3E3C2A008EEB23 /* Kaden & Adelynn Adventures macOS */ = {
			isa = PBXFileSystemSynchronizedRootGroup;
			path = "Kaden & Adelynn Adventures macOS";
			sourceTree = "<group>";
		};
/* End PBXFileSystemSynchronizedRootGroup section */

/* Begin PBXFrameworksBuildPhase section */
		4783E8D62E3E3C29008EEB23 /* Frameworks */ = {
			isa = PBXFrameworksBuildPhase;
			buildActionMask = 2147483647;
			files = (
			);
			runOnlyForDeploymentPostprocessing = 0;
		};
		4783E8E72E3E3C2A008EEB23 /* Frameworks */ = {
			isa = PBXFrameworksBuildPhase;
			buildActionMask = 2147483647;
			files = (
			);
			runOnlyForDeploymentPostprocessing = 0;
		};
		4783E8F72E3E3C2A008EEB23 /* Frameworks */ = {
			isa = PBXFrameworksBuildPhase;
			buildActionMask = 2147483647;
			files = (
			);
			runOnlyForDeploymentPostprocessing = 0;
		};
/* End PBXFrameworksBuildPhase section */

/* Begin PBXGroup section */
		4783E8CB2E3E3C13008EEB23 = {
			isa = PBXGroup;
			children = (
				4783E8D02E3E3C15008EEB23 /* Kaden & Adelynn Adventures Shared */,
				4783E8DB2E3E3C29008EEB23 /* Kaden & Adelynn Adventures iOS */,
				4783E8EB2E3E3C2A008EEB23 /* Kaden & Adelynn Adventures tvOS */,
				4783E8FB2E3E3C2A008EEB23 /* Kaden & Adelynn Adventures macOS */,
				4783E8DA2E3E3C29008EEB23 /* Products */,
			);
			sourceTree = "<group>";
		};
		4783E8DA2E3E3C29008EEB23 /* Products */ = {
			isa = PBXGroup;
			children = (
				4783E8D92E3E3C29008EEB23 /* Kaden & Adelynn Adventures.app */,
				4783E8EA2E3E3C2A008EEB23 /* Kaden & Adelynn Adventures.app */,
				4783E8FA2E3E3C2A008EEB23 /* Kaden & Adelynn Adventures.app */,
			);
			name = Products;
			sourceTree = "<group>";
		};
/* End PBXGroup section */

/* Begin PBXNativeTarget section */
		4783E8D82E3E3C29008EEB23 /* Kaden & Adelynn Adventures iOS */ = {
			isa = PBXNativeTarget;
			buildConfigurationList = 4783E9112E3E3C2A008EEB23 /* Build configuration list for PBXNativeTarget "Kaden & Adelynn Adventures iOS" */;
			buildPhases = (
				4783E8D52E3E3C29008EEB23 /* Sources */,
				4783E8D62E3E3C29008EEB23 /* Frameworks */,
				4783E8D72E3E3C29008EEB23 /* Resources */,
			);
			buildRules = (
			);
			dependencies = (
			);
			fileSystemSynchronizedGroups = (
				4783E8DB2E3E3C29008EEB23 /* Kaden & Adelynn Adventures iOS */,
			);
			name = "Kaden & Adelynn Adventures iOS";
			packageProductDependencies = (
			);
			productName = "Kaden & Adelynn Adventures iOS";
			productReference = 4783E8D92E3E3C29008EEB23 /* Kaden & Adelynn Adventures.app */;
			productType = "com.apple.product-type.application";
		};
		4783E8E92E3E3C2A008EEB23 /* Kaden & Adelynn Adventures tvOS */ = {
			isa = PBXNativeTarget;
			buildConfigurationList = 4783E9152E3E3C2A008EEB23 /* Build configuration list for PBXNativeTarget "Kaden & Adelynn Adventures tvOS" */;
			buildPhases = (
				4783E8E62E3E3C2A008EEB23 /* Sources */,
				4783E8E72E3E3C2A008EEB23 /* Frameworks */,
				4783E8E82E3E3C2A008EEB23 /* Resources */,
			);
			buildRules = (
			);
			dependencies = (
			);
			fileSystemSynchronizedGroups = (
				4783E8EB2E3E3C2A008EEB23 /* Kaden & Adelynn Adventures tvOS */,
			);
			name = "Kaden & Adelynn Adventures tvOS";
			packageProductDependencies = (
			);
			productName = "Kaden & Adelynn Adventures tvOS";
			productReference = 4783E8EA2E3E3C2A008EEB23 /* Kaden & Adelynn Adventures.app */;
			productType = "com.apple.product-type.application";
		};
		4783E8F92E3E3C2A008EEB23 /* Kaden & Adelynn Adventures macOS */ = {
			isa = PBXNativeTarget;
			buildConfigurationList = 4783E9192E3E3C2A008EEB23 /* Build configuration list for PBXNativeTarget "Kaden & Adelynn Adventures macOS" */;
			buildPhases = (
				4783E8F62E3E3C2A008EEB23 /* Sources */,
				4783E8F72E3E3C2A008EEB23 /* Frameworks */,
				4783E8F82E3E3C2A008EEB23 /* Resources */,
			);
			buildRules = (
			);
			dependencies = (
			);
			fileSystemSynchronizedGroups = (
				4783E8FB2E3E3C2A008EEB23 /* Kaden & Adelynn Adventures macOS */,
			);
			name = "Kaden & Adelynn Adventures macOS";
			packageProductDependencies = (
			);
			productName = "Kaden & Adelynn Adventures macOS";
			productReference = 4783E8FA2E3E3C2A008EEB23 /* Kaden & Adelynn Adventures.app */;
			productType = "com.apple.product-type.application";
		};
/* End PBXNativeTarget section */

/* Begin PBXProject section */
		4783E8CC2E3E3C14008EEB23 /* Project object */ = {
			isa = PBXProject;
			attributes = {
				BuildIndependentTargetsInParallel = 1;
				LastSwiftUpdateCheck = 1620;
				LastUpgradeCheck = 1620;
				TargetAttributes = {
					4783E8D82E3E3C29008EEB23 = {
						CreatedOnToolsVersion = 16.2;
					};
					4783E8E92E3E3C2A008EEB23 = {
						CreatedOnToolsVersion = 16.2;
					};
					4783E8F92E3E3C2A008EEB23 = {
						CreatedOnToolsVersion = 16.2;
					};
				};
			};
			buildConfigurationList = 4783E8CF2E3E3C14008EEB23 /* Build configuration list for PBXProject "Kaden & Adelynn Adventures" */;
			developmentRegion = en;
			hasScannedForEncodings = 0;
			knownRegions = (
				en,
				Base,
			);
			mainGroup = 4783E8CB2E3E3C13008EEB23;
			minimizedProjectReferenceProxies = 1;
			preferredProjectObjectVersion = 77;
			productRefGroup = 4783E8DA2E3E3C29008EEB23 /* Products */;
			projectDirPath = "";
			projectRoot = "";
			targets = (
				4783E8D82E3E3C29008EEB23 /* Kaden & Adelynn Adventures iOS */,
				4783E8E92E3E3C2A008EEB23 /* Kaden & Adelynn Adventures tvOS */,
				4783E8F92E3E3C2A008EEB23 /* Kaden & Adelynn Adventures macOS */,
			);
		};
/* End PBXProject section */

/* Begin PBXResourcesBuildPhase section */
		4783E8D72E3E3C29008EEB23 /* Resources */ = {
			isa = PBXResourcesBuildPhase;
			buildActionMask = 2147483647;
			files = (
			);
			runOnlyForDeploymentPostprocessing = 0;
		};
		4783E8E82E3E3C2A008EEB23 /* Resources */ = {
			isa = PBXResourcesBuildPhase;
			buildActionMask = 2147483647;
			files = (
			);
			runOnlyForDeploymentPostprocessing = 0;
		};
		4783E8F82E3E3C2A008EEB23 /* Resources */ = {
			isa = PBXResourcesBuildPhase;
			buildActionMask = 2147483647;
			files = (
			);
			runOnlyForDeploymentPostprocessing = 0;
		};
/* End PBXResourcesBuildPhase section */

/* Begin PBXSourcesBuildPhase section */
		4783E8D52E3E3C29008EEB23 /* Sources */ = {
			isa = PBXSourcesBuildPhase;
			buildActionMask = 2147483647;
			files = (
			);
			runOnlyForDeploymentPostprocessing = 0;
		};
		4783E8E62E3E3C2A008EEB23 /* Sources */ = {
			isa = PBXSourcesBuildPhase;
			buildActionMask = 2147483647;
			files = (
			);
			runOnlyForDeploymentPostprocessing = 0;
		};
		4783E8F62E3E3C2A008EEB23 /* Sources */ = {
			isa = PBXSourcesBuildPhase;
			buildActionMask = 2147483647;
			files = (
			);
			runOnlyForDeploymentPostprocessing = 0;
		};
/* End PBXSourcesBuildPhase section */

/* Begin XCBuildConfiguration section */
		4783E9122E3E3C2A008EEB23 /* Debug */ = {
			isa = XCBuildConfiguration;
			buildSettings = {
				ASSETCATALOG_COMPILER_APPICON_NAME = AppIcon;
				ASSETCATALOG_COMPILER_GLOBAL_ACCENT_COLOR_NAME = AccentColor;
				CODE_SIGN_STYLE = Automatic;
				CURRENT_PROJECT_VERSION = 1;
				DEVELOPMENT_TEAM = 4SQJ3AH62S;
				GENERATE_INFOPLIST_FILE = YES;
				INFOPLIST_KEY_UIApplicationSupportsIndirectInputEvents = YES;
				INFOPLIST_KEY_UILaunchStoryboardName = LaunchScreen;
				INFOPLIST_KEY_UIMainStoryboardFile = Main;
				INFOPLIST_KEY_UIStatusBarHidden = YES;
				INFOPLIST_KEY_UISupportedInterfaceOrientations_iPad = "UIInterfaceOrientationPortrait UIInterfaceOrientationPortraitUpsideDown UIInterfaceOrientationLandscapeLeft UIInterfaceOrientationLandscapeRight";
				INFOPLIST_KEY_UISupportedInterfaceOrientations_iPhone = "UIInterfaceOrientationPortrait UIInterfaceOrientationLandscapeLeft UIInterfaceOrientationLandscapeRight";
				IPHONEOS_DEPLOYMENT_TARGET = 15.6;
				LD_RUNPATH_SEARCH_PATHS = (
					"$(inherited)",
					"@executable_path/Frameworks",
				);
				MARKETING_VERSION = 1.0;
				PRODUCT_BUNDLE_IDENTIFIER = "Kaden---Adelynn-Adventures.Kaden---Adelynn-Adventures";
				PRODUCT_NAME = "Kaden & Adelynn Adventures";
				SDKROOT = iphoneos;
				SWIFT_EMIT_LOC_STRINGS = YES;
				SWIFT_VERSION = 5.0;
				TARGETED_DEVICE_FAMILY = "1,2";
			};
			name = Debug;
		};
		4783E9132E3E3C2A008EEB23 /* Release */ = {
			isa = XCBuildConfiguration;
			buildSettings = {
				ASSETCATALOG_COMPILER_APPICON_NAME = AppIcon;
				ASSETCATALOG_COMPILER_GLOBAL_ACCENT_COLOR_NAME = AccentColor;
				CODE_SIGN_STYLE = Automatic;
				CURRENT_PROJECT_VERSION = 1;
				DEVELOPMENT_TEAM = 4SQJ3AH62S;
				GENERATE_INFOPLIST_FILE = YES;
				INFOPLIST_KEY_UIApplicationSupportsIndirectInputEvents = YES;
				INFOPLIST_KEY_UILaunchStoryboardName = LaunchScreen;
				INFOPLIST_KEY_UIMainStoryboardFile = Main;
				INFOPLIST_KEY_UIStatusBarHidden = YES;
				INFOPLIST_KEY_UISupportedInterfaceOrientations_iPad = "UIInterfaceOrientationPortrait UIInterfaceOrientationPortraitUpsideDown UIInterfaceOrientationLandscapeLeft UIInterfaceOrientationLandscapeRight";
				INFOPLIST_KEY_UISupportedInterfaceOrientations_iPhone = "UIInterfaceOrientationPortrait UIInterfaceOrientationLandscapeLeft UIInterfaceOrientationLandscapeRight";
				IPHONEOS_DEPLOYMENT_TARGET = 15.6;
				LD_RUNPATH_SEARCH_PATHS = (
					"$(inherited)",
					"@executable_path/Frameworks",
				);
				MARKETING_VERSION = 1.0;
				PRODUCT_BUNDLE_IDENTIFIER = "Kaden---Adelynn-Adventures.Kaden---Adelynn-Adventures";
				PRODUCT_NAME = "Kaden & Adelynn Adventures";
				SDKROOT = iphoneos;
				SWIFT_EMIT_LOC_STRINGS = YES;
				SWIFT_VERSION = 5.0;
				TARGETED_DEVICE_FAMILY = "1,2";
				VALIDATE_PRODUCT = YES;
			};
			name = Release;
		};
		4783E9162E3E3C2A008EEB23 /* Debug */ = {
			isa = XCBuildConfiguration;
			buildSettings = {
				ASSETCATALOG_COMPILER_APPICON_NAME = "tvOS App Icon & Top Shelf Image";
				ASSETCATALOG_COMPILER_GLOBAL_ACCENT_COLOR_NAME = AccentColor;
				CODE_SIGN_STYLE = Automatic;
				CURRENT_PROJECT_VERSION = 1;
				DEVELOPMENT_TEAM = 4SQJ3AH62S;
				GENERATE_INFOPLIST_FILE = YES;
				INFOPLIST_KEY_UILaunchStoryboardName = LaunchScreen;
				INFOPLIST_KEY_UIMainStoryboardFile = Main;
				INFOPLIST_KEY_UIUserInterfaceStyle = Automatic;
				LD_RUNPATH_SEARCH_PATHS = (
					"$(inherited)",
					"@executable_path/Frameworks",
				);
				MARKETING_VERSION = 1.0;
				PRODUCT_BUNDLE_IDENTIFIER = "Kaden---Adelynn-Adventures.Kaden---Adelynn-Adventures";
				PRODUCT_NAME = "Kaden & Adelynn Adventures";
				SDKROOT = appletvos;
				SWIFT_EMIT_LOC_STRINGS = YES;
				SWIFT_VERSION = 5.0;
				TARGETED_DEVICE_FAMILY = 3;
				TVOS_DEPLOYMENT_TARGET = 18.2;
			};
			name = Debug;
		};
		4783E9172E3E3C2A008EEB23 /* Release */ = {
			isa = XCBuildConfiguration;
			buildSettings = {
				ASSETCATALOG_COMPILER_APPICON_NAME = "tvOS App Icon & Top Shelf Image";
				ASSETCATALOG_COMPILER_GLOBAL_ACCENT_COLOR_NAME = AccentColor;
				CODE_SIGN_STYLE = Automatic;
				CURRENT_PROJECT_VERSION = 1;
				DEVELOPMENT_TEAM = 4SQJ3AH62S;
				GENERATE_INFOPLIST_FILE = YES;
				INFOPLIST_KEY_UILaunchStoryboardName = LaunchScreen;
				INFOPLIST_KEY_UIMainStoryboardFile = Main;
				INFOPLIST_KEY_UIUserInterfaceStyle = Automatic;
				LD_RUNPATH_SEARCH_PATHS = (
					"$(inherited)",
					"@executable_path/Frameworks",
				);
				MARKETING_VERSION = 1.0;
				PRODUCT_BUNDLE_IDENTIFIER = "Kaden---Adelynn-Adventures.Kaden---Adelynn-Adventures";
				PRODUCT_NAME = "Kaden & Adelynn Adventures";
				SDKROOT = appletvos;
				SWIFT_EMIT_LOC_STRINGS = YES;
				SWIFT_VERSION = 5.0;
				TARGETED_DEVICE_FAMILY = 3;
				TVOS_DEPLOYMENT_TARGET = 18.2;
				VALIDATE_PRODUCT = YES;
			};
			name = Release;
		};
		4783E91A2E3E3C2A008EEB23 /* Debug */ = {
			isa = XCBuildConfiguration;
			buildSettings = {
				ASSETCATALOG_COMPILER_APPICON_NAME = AppIcon;
				ASSETCATALOG_COMPILER_GLOBAL_ACCENT_COLOR_NAME = AccentColor;
				CODE_SIGN_ENTITLEMENTS = "Kaden & Adelynn Adventures macOS/Kaden___Adelynn_Adventures_macOS.entitlements";
				CODE_SIGN_STYLE = Automatic;
				COMBINE_HIDPI_IMAGES = YES;
				CURRENT_PROJECT_VERSION = 1;
				DEVELOPMENT_TEAM = 4SQJ3AH62S;
				ENABLE_HARDENED_RUNTIME = YES;
				GENERATE_INFOPLIST_FILE = YES;
				INFOPLIST_KEY_NSHumanReadableCopyright = "";
				INFOPLIST_KEY_NSMainStoryboardFile = Main;
				INFOPLIST_KEY_NSPrincipalClass = NSApplication;
				LD_RUNPATH_SEARCH_PATHS = (
					"$(inherited)",
					"@executable_path/../Frameworks",
				);
				MACOSX_DEPLOYMENT_TARGET = 14.7;
				MARKETING_VERSION = 1.0;
				PRODUCT_BUNDLE_IDENTIFIER = "Kaden---Adelynn-Adventures.Kaden---Adelynn-Adventures";
				PRODUCT_NAME = "Kaden & Adelynn Adventures";
				SDKROOT = macosx;
				SWIFT_EMIT_LOC_STRINGS = YES;
				SWIFT_VERSION = 5.0;
			};
			name = Debug;
		};
		4783E91B2E3E3C2A008EEB23 /* Release */ = {
			isa = XCBuildConfiguration;
			buildSettings = {
				ASSETCATALOG_COMPILER_APPICON_NAME = AppIcon;
				ASSETCATALOG_COMPILER_GLOBAL_ACCENT_COLOR_NAME = AccentColor;
				CODE_SIGN_ENTITLEMENTS = "Kaden & Adelynn Adventures macOS/Kaden___Adelynn_Adventures_macOS.entitlements";
				CODE_SIGN_STYLE = Automatic;
				COMBINE_HIDPI_IMAGES = YES;
				CURRENT_PROJECT_VERSION = 1;
				DEVELOPMENT_TEAM = 4SQJ3AH62S;
				ENABLE_HARDENED_RUNTIME = YES;
				GENERATE_INFOPLIST_FILE = YES;
				INFOPLIST_KEY_NSHumanReadableCopyright = "";
				INFOPLIST_KEY_NSMainStoryboardFile = Main;
				INFOPLIST_KEY_NSPrincipalClass = NSApplication;
				LD_RUNPATH_SEARCH_PATHS = (
					"$(inherited)",
					"@executable_path/../Frameworks",
				);
				MACOSX_DEPLOYMENT_TARGET = 14.7;
				MARKETING_VERSION = 1.0;
				PRODUCT_BUNDLE_IDENTIFIER = "Kaden---Adelynn-Adventures.Kaden---Adelynn-Adventures";
				PRODUCT_NAME = "Kaden & Adelynn Adventures";
				SDKROOT = macosx;
				SWIFT_EMIT_LOC_STRINGS = YES;
				SWIFT_VERSION = 5.0;
			};
			name = Release;
		};
		4783E91C2E3E3C2A008EEB23 /* Debug */ = {
			isa = XCBuildConfiguration;
			buildSettings = {
				ALWAYS_SEARCH_USER_PATHS = NO;
				ASSETCATALOG_COMPILER_GENERATE_SWIFT_ASSET_SYMBOL_EXTENSIONS = YES;
				CLANG_ANALYZER_NONNULL = YES;
				CLANG_ANALYZER_NUMBER_OBJECT_CONVERSION = YES_AGGRESSIVE;
				CLANG_CXX_LANGUAGE_STANDARD = "gnu++20";
				CLANG_ENABLE_MODULES = YES;
				CLANG_ENABLE_OBJC_ARC = YES;
				CLANG_ENABLE_OBJC_WEAK = YES;
				CLANG_WARN_BLOCK_CAPTURE_AUTORELEASING = YES;
				CLANG_WARN_BOOL_CONVERSION = YES;
				CLANG_WARN_COMMA = YES;
				CLANG_WARN_CONSTANT_CONVERSION = YES;
				CLANG_WARN_DEPRECATED_OBJC_IMPLEMENTATIONS = YES;
				CLANG_WARN_DIRECT_OBJC_ISA_USAGE = YES_ERROR;
				CLANG_WARN_DOCUMENTATION_COMMENTS = YES;
				CLANG_WARN_EMPTY_BODY = YES;
				CLANG_WARN_ENUM_CONVERSION = YES;
				CLANG_WARN_INFINITE_RECURSION = YES;
				CLANG_WARN_INT_CONVERSION = YES;
				CLANG_WARN_NON_LITERAL_NULL_CONVERSION = YES;
				CLANG_WARN_OBJC_IMPLICIT_RETAIN_SELF = YES;
				CLANG_WARN_OBJC_LITERAL_CONVERSION = YES;
				CLANG_WARN_OBJC_ROOT_CLASS = YES_ERROR;
				CLANG_WARN_QUOTED_INCLUDE_IN_FRAMEWORK_HEADER = YES;
				CLANG_WARN_RANGE_LOOP_ANALYSIS = YES;
				CLANG_WARN_STRICT_PROTOTYPES = YES;
				CLANG_WARN_SUSPICIOUS_MOVE = YES;
				CLANG_WARN_UNGUARDED_AVAILABILITY = YES_AGGRESSIVE;
				CLANG_WARN_UNREACHABLE_CODE = YES;
				CLANG_WARN__DUPLICATE_METHOD_MATCH = YES;
				COPY_PHASE_STRIP = NO;
				DEBUG_INFORMATION_FORMAT = dwarf;
				ENABLE_STRICT_OBJC_MSGSEND = YES;
				ENABLE_TESTABILITY = YES;
				ENABLE_USER_SCRIPT_SANDBOXING = YES;
				GCC_C_LANGUAGE_STANDARD = gnu17;
				GCC_DYNAMIC_NO_PIC = NO;
				GCC_NO_COMMON_BLOCKS = YES;
				GCC_OPTIMIZATION_LEVEL = 0;
				GCC_PREPROCESSOR_DEFINITIONS = (
					"DEBUG=1",
					"$(inherited)",
				);
				GCC_WARN_64_TO_32_BIT_CONVERSION = YES;
				GCC_WARN_ABOUT_RETURN_TYPE = YES_ERROR;
				GCC_WARN_UNDECLARED_SELECTOR = YES;
				GCC_WARN_UNINITIALIZED_AUTOS = YES_AGGRESSIVE;
				GCC_WARN_UNUSED_FUNCTION = YES;
				GCC_WARN_UNUSED_VARIABLE = YES;
				LOCALIZATION_PREFERS_STRING_CATALOGS = YES;
				MTL_ENABLE_DEBUG_INFO = INCLUDE_SOURCE;
				MTL_FAST_MATH = YES;
				ONLY_ACTIVE_ARCH = YES;
				SWIFT_ACTIVE_COMPILATION_CONDITIONS = "DEBUG $(inherited)";
				SWIFT_OPTIMIZATION_LEVEL = "-Onone";
			};
			name = Debug;
		};
		4783E91D2E3E3C2A008EEB23 /* Release */ = {
			isa = XCBuildConfiguration;
			buildSettings = {
				ALWAYS_SEARCH_USER_PATHS = NO;
				ASSETCATALOG_COMPILER_GENERATE_SWIFT_ASSET_SYMBOL_EXTENSIONS = YES;
				CLANG_ANALYZER_NONNULL = YES;
				CLANG_ANALYZER_NUMBER_OBJECT_CONVERSION = YES_AGGRESSIVE;
				CLANG_CXX_LANGUAGE_STANDARD = "gnu++20";
				CLANG_ENABLE_MODULES = YES;
				CLANG_ENABLE_OBJC_ARC = YES;
				CLANG_ENABLE_OBJC_WEAK = YES;
				CLANG_WARN_BLOCK_CAPTURE_AUTORELEASING = YES;
				CLANG_WARN_BOOL_CONVERSION = YES;
				CLANG_WARN_COMMA = YES;
				CLANG_WARN_CONSTANT_CONVERSION = YES;
				CLANG_WARN_DEPRECATED_OBJC_IMPLEMENTATIONS = YES;
				CLANG_WARN_DIRECT_OBJC_ISA_USAGE = YES_ERROR;
				CLANG_WARN_DOCUMENTATION_COMMENTS = YES;
				CLANG_WARN_EMPTY_BODY = YES;
				CLANG_WARN_ENUM_CONVERSION = YES;
				CLANG_WARN_INFINITE_RECURSION = YES;
				CLANG_WARN_INT_CONVERSION = YES;
				CLANG_WARN_NON_LITERAL_NULL_CONVERSION = YES;
				CLANG_WARN_OBJC_IMPLICIT_RETAIN_SELF = YES;
				CLANG_WARN_OBJC_LITERAL_CONVERSION = YES;
				CLANG_WARN_OBJC_ROOT_CLASS = YES_ERROR;
				CLANG_WARN_QUOTED_INCLUDE_IN_FRAMEWORK_HEADER = YES;
				CLANG_WARN_RANGE_LOOP_ANALYSIS = YES;
				CLANG_WARN_STRICT_PROTOTYPES = YES;
				CLANG_WARN_SUSPICIOUS_MOVE = YES;
				CLANG_WARN_UNGUARDED_AVAILABILITY = YES_AGGRESSIVE;
				CLANG_WARN_UNREACHABLE_CODE = YES;
				CLANG_WARN__DUPLICATE_METHOD_MATCH = YES;
				COPY_PHASE_STRIP = NO;
				DEBUG_INFORMATION_FORMAT = "dwarf-with-dsym";
				ENABLE_NS_ASSERTIONS = NO;
				ENABLE_STRICT_OBJC_MSGSEND = YES;
				ENABLE_USER_SCRIPT_SANDBOXING = YES;
				GCC_C_LANGUAGE_STANDARD = gnu17;
				GCC_NO_COMMON_BLOCKS = YES;
				GCC_WARN_64_TO_32_BIT_CONVERSION = YES;
				GCC_WARN_ABOUT_RETURN_TYPE = YES_ERROR;
				GCC_WARN_UNDECLARED_SELECTOR = YES;
				GCC_WARN_UNINITIALIZED_AUTOS = YES_AGGRESSIVE;
				GCC_WARN_UNUSED_FUNCTION = YES;
				GCC_WARN_UNUSED_VARIABLE = YES;
				LOCALIZATION_PREFERS_STRING_CATALOGS = YES;
				MTL_ENABLE_DEBUG_INFO = NO;
				MTL_FAST_MATH = YES;
				SWIFT_COMPILATION_MODE = wholemodule;
			};
			name = Release;
		};
/* End XCBuildConfiguration section */

/* Begin XCConfigurationList section */
		4783E8CF2E3E3C14008EEB23 /* Build configuration list for PBXProject "Kaden & Adelynn Adventures" */ = {
			isa = XCConfigurationList;
			buildConfigurations = (
				4783E91C2E3E3C2A008EEB23 /* Debug */,
				4783E91D2E3E3C2A008EEB23 /* Release */,
			);
			defaultConfigurationIsVisible = 0;
			defaultConfigurationName = Release;
		};
		4783E9112E3E3C2A008EEB23 /* Build configuration list for PBXNativeTarget "Kaden & Adelynn Adventures iOS" */ = {
			isa = XCConfigurationList;
			buildConfigurations = (
				4783E9122E3E3C2A008EEB23 /* Debug */,
				4783E9132E3E3C2A008EEB23 /* Release */,
			);
			defaultConfigurationIsVisible = 0;
			defaultConfigurationName = Release;
		};
		4783E9152E3E3C2A008EEB23 /* Build configuration list for PBXNativeTarget "Kaden & Adelynn Adventures tvOS" */ = {
			isa = XCConfigurationList;
			buildConfigurations = (
				4783E9162E3E3C2A008EEB23 /* Debug */,
				4783E9172E3E3C2A008EEB23 /* Release */,
			);
			defaultConfigurationIsVisible = 0;
			defaultConfigurationName = Release;
		};
		4783E9192E3E3C2A008EEB23 /* Build configuration list for PBXNativeTarget "Kaden & Adelynn Adventures macOS" */ = {
			isa = XCConfigurationList;
			buildConfigurations = (
				4783E91A2E3E3C2A008EEB23 /* Debug */,
				4783E91B2E3E3C2A008EEB23 /* Release */,
			);
			defaultConfigurationIsVisible = 0;
			defaultConfigurationName = Release;
		};
/* End XCConfigurationList section */
	};
	rootObject = 4783E8CC2E3E3C14008EEB23 /* Project object */;
}
